
Microsoft Visual Studio Solution File, Format Version 12.00
# Visual Studio Version 17
VisualStudioVersion = 17.11.35312.102
MinimumVisualStudioVersion = 10.0.40219.1
Project("{FAE04EC0-301F-11D3-BF4B-00C04F79EFBC}") = "Exercicio01", "Exercicio01\Exercicio01.csproj", "{C10EB495-322D-4784-8691-9483818EB659}"
EndProject
Global
	GlobalSection(SolutionConfigurationPlatforms) = preSolution
		Debug|Any CPU = Debug|Any CPU
		Release|Any CPU = Release|Any CPU
	EndGlobalSection
	GlobalSection(ProjectConfigurationPlatforms) = postSolution
		{C10EB495-322D-4784-8691-9483818EB659}.Debug|Any CPU.ActiveCfg = Debug|Any CPU
		{C10EB495-322D-4784-8691-9483818EB659}.Debug|Any CPU.Build.0 = Debug|Any CPU
		{C10EB495-322D-4784-8691-9483818EB659}.Release|Any CPU.ActiveCfg = Release|Any CPU
		{C10EB495-322D-4784-8691-9483818EB659}.Release|Any CPU.Build.0 = Release|Any CPU
	EndGlobalSection
	GlobalSection(SolutionProperties) = preSolution
		HideSolutionNode = FALSE
	EndGlobalSection
	GlobalSection(ExtensibilityGlobals) = postSolution
		SolutionGuid = {6B359D08-4520-4FFD-B927-172257DABA0C}
	EndGlobalSection
EndGlobal
