
Microsoft Visual Studio Solution File, Format Version 12.00
# Visual Studio Version 17
VisualStudioVersion = 17.14.36930.0 d17.14
MinimumVisualStudioVersion = 10.0.40219.1
Project("{FAE04EC0-301F-11D3-BF4B-00C04F79EFBC}") = "Lista 01", "Lista 01\Lista 01.csproj", "{8C1DB445-F71E-4B3D-8184-546915FD3474}"
EndProject
Global
	GlobalSection(SolutionConfigurationPlatforms) = preSolution
		Debug|Any CPU = Debug|Any CPU
		Release|Any CPU = Release|Any CPU
	EndGlobalSection
	GlobalSection(ProjectConfigurationPlatforms) = postSolution
		{8C1DB445-F71E-4B3D-8184-546915FD3474}.Debug|Any CPU.ActiveCfg = Debug|Any CPU
		{8C1DB445-F71E-4B3D-8184-546915FD3474}.Debug|Any CPU.Build.0 = Debug|Any CPU
		{8C1DB445-F71E-4B3D-8184-546915FD3474}.Release|Any CPU.ActiveCfg = Release|Any CPU
		{8C1DB445-F71E-4B3D-8184-546915FD3474}.Release|Any CPU.Build.0 = Release|Any CPU
	EndGlobalSection
	GlobalSection(SolutionProperties) = preSolution
		HideSolutionNode = FALSE
	EndGlobalSection
	GlobalSection(ExtensibilityGlobals) = postSolution
		SolutionGuid = {89B05763-BFE4-4EBB-90EC-EFEBB8F6606D}
	EndGlobalSection
EndGlobal
